
Microsoft Visual Studio Solution File, Format Version 12.00
# Visual Studio Version 17
VisualStudioVersion = 17.8.34511.84
MinimumVisualStudioVersion = 10.0.40219.1
Project("{9A19103F-16F7-4668-BE54-9A1E7A4F7556}") = "WebApp", "src\WebApp\WebApp.csproj", "{B237EA85-8658-46C9-A74E-ABC72A89F739}"
EndProject
Project("{9A19103F-16F7-4668-BE54-9A1E7A4F7556}") = "Infrastructure", "src\Infrastructure\Infrastructure.csproj", "{F38EAB37-3600-433B-B9F1-5BFC7A11BB43}"
EndProject
Project("{9A19103F-16F7-4668-BE54-9A1E7A4F7556}") = "Application", "src\Application\Application.csproj", "{95235B8F-1644-4BA4-BE44-3348F93EE261}"
EndProject
Project("{2150E333-8FDC-42A3-9474-1A3956D46DE8}") = "Solution items", "Solution items", "{1870187F-4793-4DE2-8792-F299A0C33610}"
	ProjectSection(SolutionItems) = preProject
		.gitlab-ci.yml = .gitlab-ci.yml
		Dockerfile = Dockerfile
		compose.dev.yaml = compose.dev.yaml
	EndProjectSection
EndProject
Project("{2150E333-8FDC-42A3-9474-1A3956D46DE8}") = "src", "src", "{5D2A50D0-AFBC-4777-BDB4-B2E7FECA965C}"
EndProject
Project("{2150E333-8FDC-42A3-9474-1A3956D46DE8}") = "tests", "tests", "{4C12CD2A-9295-4D6E-866C-184B1355636B}"
EndProject
Project("{9A19103F-16F7-4668-BE54-9A1E7A4F7556}") = "WebApp.Tests.Unit", "tests\WebApp.Tests.Unit\WebApp.Tests.Unit.csproj", "{AF0E7EFF-EFB0-4442-9B76-B938EFFC3AC7}"
EndProject
Project("{9A19103F-16F7-4668-BE54-9A1E7A4F7556}") = "Infrastructure.Tests.Unit", "tests\Infrastructure.Tests.Unit\Infrastructure.Tests.Unit.csproj", "{99166D94-1F5F-4C3C-9C76-3E3DE28C1C73}"
EndProject
Global
	GlobalSection(SolutionConfigurationPlatforms) = preSolution
		Debug|Any CPU = Debug|Any CPU
		Release|Any CPU = Release|Any CPU
	EndGlobalSection
	GlobalSection(ProjectConfigurationPlatforms) = postSolution
		{B237EA85-8658-46C9-A74E-ABC72A89F739}.Debug|Any CPU.ActiveCfg = Debug|Any CPU
		{B237EA85-8658-46C9-A74E-ABC72A89F739}.Debug|Any CPU.Build.0 = Debug|Any CPU
		{B237EA85-8658-46C9-A74E-ABC72A89F739}.Release|Any CPU.ActiveCfg = Release|Any CPU
		{B237EA85-8658-46C9-A74E-ABC72A89F739}.Release|Any CPU.Build.0 = Release|Any CPU
		{F38EAB37-3600-433B-B9F1-5BFC7A11BB43}.Debug|Any CPU.ActiveCfg = Debug|Any CPU
		{F38EAB37-3600-433B-B9F1-5BFC7A11BB43}.Debug|Any CPU.Build.0 = Debug|Any CPU
		{F38EAB37-3600-433B-B9F1-5BFC7A11BB43}.Release|Any CPU.ActiveCfg = Release|Any CPU
		{F38EAB37-3600-433B-B9F1-5BFC7A11BB43}.Release|Any CPU.Build.0 = Release|Any CPU
		{95235B8F-1644-4BA4-BE44-3348F93EE261}.Debug|Any CPU.ActiveCfg = Debug|Any CPU
		{95235B8F-1644-4BA4-BE44-3348F93EE261}.Debug|Any CPU.Build.0 = Debug|Any CPU
		{95235B8F-1644-4BA4-BE44-3348F93EE261}.Release|Any CPU.ActiveCfg = Release|Any CPU
		{95235B8F-1644-4BA4-BE44-3348F93EE261}.Release|Any CPU.Build.0 = Release|Any CPU
		{AF0E7EFF-EFB0-4442-9B76-B938EFFC3AC7}.Debug|Any CPU.ActiveCfg = Debug|Any CPU
		{AF0E7EFF-EFB0-4442-9B76-B938EFFC3AC7}.Debug|Any CPU.Build.0 = Debug|Any CPU
		{AF0E7EFF-EFB0-4442-9B76-B938EFFC3AC7}.Release|Any CPU.ActiveCfg = Release|Any CPU
		{AF0E7EFF-EFB0-4442-9B76-B938EFFC3AC7}.Release|Any CPU.Build.0 = Release|Any CPU
		{99166D94-1F5F-4C3C-9C76-3E3DE28C1C73}.Debug|Any CPU.ActiveCfg = Debug|Any CPU
		{99166D94-1F5F-4C3C-9C76-3E3DE28C1C73}.Debug|Any CPU.Build.0 = Debug|Any CPU
		{99166D94-1F5F-4C3C-9C76-3E3DE28C1C73}.Release|Any CPU.ActiveCfg = Release|Any CPU
		{99166D94-1F5F-4C3C-9C76-3E3DE28C1C73}.Release|Any CPU.Build.0 = Release|Any CPU
	EndGlobalSection
	GlobalSection(SolutionProperties) = preSolution
		HideSolutionNode = FALSE
	EndGlobalSection
	GlobalSection(NestedProjects) = preSolution
		{B237EA85-8658-46C9-A74E-ABC72A89F739} = {5D2A50D0-AFBC-4777-BDB4-B2E7FECA965C}
		{F38EAB37-3600-433B-B9F1-5BFC7A11BB43} = {5D2A50D0-AFBC-4777-BDB4-B2E7FECA965C}
		{95235B8F-1644-4BA4-BE44-3348F93EE261} = {5D2A50D0-AFBC-4777-BDB4-B2E7FECA965C}
		{AF0E7EFF-EFB0-4442-9B76-B938EFFC3AC7} = {4C12CD2A-9295-4D6E-866C-184B1355636B}
		{99166D94-1F5F-4C3C-9C76-3E3DE28C1C73} = {4C12CD2A-9295-4D6E-866C-184B1355636B}
	EndGlobalSection
	GlobalSection(ExtensibilityGlobals) = postSolution
		SolutionGuid = {226C9A62-6755-4BE5-B1F0-63629B730E16}
	EndGlobalSection
EndGlobal
